PODS:
  - Realm (10.40.2):
    - Realm/Headers (= 10.40.2)
  - Realm/Headers (10.40.2)
  - RealmSwift (10.40.2):
    - Realm (= 10.40.2)
  - SwiftLint (0.52.3)

DEPENDENCIES:
  - RealmSwift (~> 10)
  - SwiftLint

SPEC REPOS:
  trunk:
    - Realm
    - RealmSwift
    - SwiftLint

SPEC CHECKSUMS:
  Realm: 731e86d9388287b18e36b0beb2493fc4845ce8a2
  RealmSwift: c2a1059ba52e1e08467b1253b1d4ab354ef3177b
  SwiftLint: 76ec9c62ad369cff2937474cb34c9af3fa270b7b

PODFILE CHECKSUM: 5903e9d3e7865b3a58fa3a9d19fc19e2d3fdd798

COCOAPODS: 1.12.1
