// !$*UTF8*$!
{
	archiveVersion = 1;
	classes = {
	};
	objectVersion = 56;
	objects = {

/* Begin PBXBuildFile section */
		034EDECC2A12CD4C00DD1087 /* AppDelegate.swift in Sources */ = {isa = PBXBuildFile; fileRef = 034EDECB2A12CD4C00DD1087 /* AppDelegate.swift */; };
		034EDECE2A12CD4C00DD1087 /* SceneDelegate.swift in Sources */ = {isa = PBXBuildFile; fileRef = 034EDECD2A12CD4C00DD1087 /* SceneDelegate.swift */; };
		034EDED02A12CD4C00DD1087 /* NoteViewController.swift in Sources */ = {isa = PBXBuildFile; fileRef = 034EDECF2A12CD4C00DD1087 /* NoteViewController.swift */; };
		034EDED52A12CD4C00DD1087 /* Assets.xcassets in Resources */ = {isa = PBXBuildFile; fileRef = 034EDED42A12CD4C00DD1087 /* Assets.xcassets */; };
		034EDED82A12CD4C00DD1087 /* LaunchScreen.storyboard in Resources */ = {isa = PBXBuildFile; fileRef = 034EDED62A12CD4C00DD1087 /* LaunchScreen.storyboard */; };
		034EDF1A2A15205700DD1087 /* CategoryViewController.swift in Sources */ = {isa = PBXBuildFile; fileRef = 034EDF192A15205700DD1087 /* CategoryViewController.swift */; };
		034EDF1F2A1520AE00DD1087 /* Constants.swift in Sources */ = {isa = PBXBuildFile; fileRef = 034EDF1E2A1520AE00DD1087 /* Constants.swift */; };
		034EDF242A158BBE00DD1087 /* Item.swift in Sources */ = {isa = PBXBuildFile; fileRef = 034EDF232A158BBE00DD1087 /* Item.swift */; };
		034EDF262A158BD200DD1087 /* Category.swift in Sources */ = {isa = PBXBuildFile; fileRef = 034EDF252A158BD200DD1087 /* Category.swift */; };
		0367495D2A49BB82001CFFBF /* CategoryCell.swift in Sources */ = {isa = PBXBuildFile; fileRef = 0367495C2A49BB82001CFFBF /* CategoryCell.swift */; };
		0367495F2A49BD76001CFFBF /* NoteCell.swift in Sources */ = {isa = PBXBuildFile; fileRef = 0367495E2A49BD76001CFFBF /* NoteCell.swift */; };
		036749622A49C5E5001CFFBF /* RealmManager.swift in Sources */ = {isa = PBXBuildFile; fileRef = 036749612A49C5E5001CFFBF /* RealmManager.swift */; };
		F7499CC5784898152739F84C /* Pods_NoteKeeper.framework in Frameworks */ = {isa = PBXBuildFile; fileRef = 82786D11DD5DE6507488A1B3 /* Pods_NoteKeeper.framework */; };
/* End PBXBuildFile section */

/* Begin PBXFileReference section */
		034EDEC82A12CD4C00DD1087 /* NoteKeeper.app */ = {isa = PBXFileReference; explicitFileType = wrapper.application; includeInIndex = 0; path = NoteKeeper.app; sourceTree = BUILT_PRODUCTS_DIR; };
		034EDECB2A12CD4C00DD1087 /* AppDelegate.swift */ = {isa = PBXFileReference; lastKnownFileType = sourcecode.swift; path = AppDelegate.swift; sourceTree = "<group>"; };
		034EDECD2A12CD4C00DD1087 /* SceneDelegate.swift */ = {isa = PBXFileReference; lastKnownFileType = sourcecode.swift; path = SceneDelegate.swift; sourceTree = "<group>"; };
		034EDECF2A12CD4C00DD1087 /* NoteViewController.swift */ = {isa = PBXFileReference; lastKnownFileType = sourcecode.swift; path = NoteViewController.swift; sourceTree = "<group>"; };
		034EDED42A12CD4C00DD1087 /* Assets.xcassets */ = {isa = PBXFileReference; lastKnownFileType = folder.assetcatalog; path = Assets.xcassets; sourceTree = "<group>"; };
		034EDED72A12CD4C00DD1087 /* Base */ = {isa = PBXFileReference; lastKnownFileType = file.storyboard; name = Base; path = Base.lproj/LaunchScreen.storyboard; sourceTree = "<group>"; };
		034EDED92A12CD4C00DD1087 /* Info.plist */ = {isa = PBXFileReference; lastKnownFileType = text.plist.xml; path = Info.plist; sourceTree = "<group>"; };
		034EDF192A15205700DD1087 /* CategoryViewController.swift */ = {isa = PBXFileReference; lastKnownFileType = sourcecode.swift; path = CategoryViewController.swift; sourceTree = "<group>"; };
		034EDF1E2A1520AE00DD1087 /* Constants.swift */ = {isa = PBXFileReference; fileEncoding = 4; lastKnownFileType = sourcecode.swift; path = Constants.swift; sourceTree = "<group>"; };
		034EDF232A158BBE00DD1087 /* Item.swift */ = {isa = PBXFileReference; lastKnownFileType = sourcecode.swift; path = Item.swift; sourceTree = "<group>"; };
		034EDF252A158BD200DD1087 /* Category.swift */ = {isa = PBXFileReference; lastKnownFileType = sourcecode.swift; path = Category.swift; sourceTree = "<group>"; };
		0367495C2A49BB82001CFFBF /* CategoryCell.swift */ = {isa = PBXFileReference; lastKnownFileType = sourcecode.swift; path = CategoryCell.swift; sourceTree = "<group>"; };
		0367495E2A49BD76001CFFBF /* NoteCell.swift */ = {isa = PBXFileReference; lastKnownFileType = sourcecode.swift; path = NoteCell.swift; sourceTree = "<group>"; };
		036749612A49C5E5001CFFBF /* RealmManager.swift */ = {isa = PBXFileReference; lastKnownFileType = sourcecode.swift; path = RealmManager.swift; sourceTree = "<group>"; };
		5B20AE15FBFAF6FEA4CCE720 /* Pods-NoteKeeper.release.xcconfig */ = {isa = PBXFileReference; includeInIndex = 1; lastKnownFileType = text.xcconfig; name = "Pods-NoteKeeper.release.xcconfig"; path = "Target Support Files/Pods-NoteKeeper/Pods-NoteKeeper.release.xcconfig"; sourceTree = "<group>"; };
		82786D11DD5DE6507488A1B3 /* Pods_NoteKeeper.framework */ = {isa = PBXFileReference; explicitFileType = wrapper.framework; includeInIndex = 0; path = Pods_NoteKeeper.framework; sourceTree = BUILT_PRODUCTS_DIR; };
		BA26B76791E3749F776D8751 /* Pods-NoteKeeper.debug.xcconfig */ = {isa = PBXFileReference; includeInIndex = 1; lastKnownFileType = text.xcconfig; name = "Pods-NoteKeeper.debug.xcconfig"; path = "Target Support Files/Pods-NoteKeeper/Pods-NoteKeeper.debug.xcconfig"; sourceTree = "<group>"; };
/* End PBXFileReference section */

/* Begin PBXFrameworksBuildPhase section */
		034EDEC52A12CD4C00DD1087 /* Frameworks */ = {
			isa = PBXFrameworksBuildPhase;
			buildActionMask = 2147483647;
			files = (
				F7499CC5784898152739F84C /* Pods_NoteKeeper.framework in Frameworks */,
			);
			runOnlyForDeploymentPostprocessing = 0;
		};
/* End PBXFrameworksBuildPhase section */

/* Begin PBXGroup section */
		034EDEBF2A12CD4C00DD1087 = {
			isa = PBXGroup;
			children = (
				034EDECA2A12CD4C00DD1087 /* NoteKeeper */,
				034EDEC92A12CD4C00DD1087 /* Products */,
				0D5D9FA8552B8298B8443AA0 /* Pods */,
				684E180632A6FC6BA77CAF76 /* Frameworks */,
			);
			sourceTree = "<group>";
		};
		034EDEC92A12CD4C00DD1087 /* Products */ = {
			isa = PBXGroup;
			children = (
				034EDEC82A12CD4C00DD1087 /* NoteKeeper.app */,
			);
			name = Products;
			sourceTree = "<group>";
		};
		034EDECA2A12CD4C00DD1087 /* NoteKeeper */ = {
			isa = PBXGroup;
			children = (
				036749602A49C5CF001CFFBF /* Resourses */,
				034EDF172A151F4400DD1087 /* Model */,
				034EDF162A151F3800DD1087 /* Controllers */,
				034EDF152A151F2C00DD1087 /* View */,
				034EDF182A151F5400DD1087 /* Support Files */,
				034EDED92A12CD4C00DD1087 /* Info.plist */,
				034EDF1E2A1520AE00DD1087 /* Constants.swift */,
			);
			path = NoteKeeper;
			sourceTree = "<group>";
		};
		034EDF152A151F2C00DD1087 /* View */ = {
			isa = PBXGroup;
			children = (
				0367495C2A49BB82001CFFBF /* CategoryCell.swift */,
				0367495E2A49BD76001CFFBF /* NoteCell.swift */,
			);
			path = View;
			sourceTree = "<group>";
		};
		034EDF162A151F3800DD1087 /* Controllers */ = {
			isa = PBXGroup;
			children = (
				034EDECF2A12CD4C00DD1087 /* NoteViewController.swift */,
				034EDF192A15205700DD1087 /* CategoryViewController.swift */,
			);
			path = Controllers;
			sourceTree = "<group>";
		};
		034EDF172A151F4400DD1087 /* Model */ = {
			isa = PBXGroup;
			children = (
				034EDF252A158BD200DD1087 /* Category.swift */,
				034EDF232A158BBE00DD1087 /* Item.swift */,
			);
			path = Model;
			sourceTree = "<group>";
		};
		034EDF182A151F5400DD1087 /* Support Files */ = {
			isa = PBXGroup;
			children = (
				034EDED42A12CD4C00DD1087 /* Assets.xcassets */,
				034EDED62A12CD4C00DD1087 /* LaunchScreen.storyboard */,
			);
			path = "Support Files";
			sourceTree = "<group>";
		};
		036749602A49C5CF001CFFBF /* Resourses */ = {
			isa = PBXGroup;
			children = (
				034EDECB2A12CD4C00DD1087 /* AppDelegate.swift */,
				034EDECD2A12CD4C00DD1087 /* SceneDelegate.swift */,
				036749612A49C5E5001CFFBF /* RealmManager.swift */,
			);
			path = Resourses;
			sourceTree = "<group>";
		};
		0D5D9FA8552B8298B8443AA0 /* Pods */ = {
			isa = PBXGroup;
			children = (
				BA26B76791E3749F776D8751 /* Pods-NoteKeeper.debug.xcconfig */,
				5B20AE15FBFAF6FEA4CCE720 /* Pods-NoteKeeper.release.xcconfig */,
			);
			path = Pods;
			sourceTree = "<group>";
		};
		684E180632A6FC6BA77CAF76 /* Frameworks */ = {
			isa = PBXGroup;
			children = (
				82786D11DD5DE6507488A1B3 /* Pods_NoteKeeper.framework */,
			);
			name = Frameworks;
			sourceTree = "<group>";
		};
/* End PBXGroup section */

/* Begin PBXNativeTarget section */
		034EDEC72A12CD4C00DD1087 /* NoteKeeper */ = {
			isa = PBXNativeTarget;
			buildConfigurationList = 034EDEDC2A12CD4C00DD1087 /* Build configuration list for PBXNativeTarget "NoteKeeper" */;
			buildPhases = (
				A42E5032100499D53762B99B /* [CP] Check Pods Manifest.lock */,
				034EDF202A157EE000DD1087 /* ShellScript */,
				034EDEC42A12CD4C00DD1087 /* Sources */,
				034EDEC52A12CD4C00DD1087 /* Frameworks */,
				034EDEC62A12CD4C00DD1087 /* Resources */,
				0C7F1457B060D4E28AEE0DFB /* [CP] Embed Pods Frameworks */,
			);
			buildRules = (
			);
			dependencies = (
			);
			name = NoteKeeper;
			productName = NoteKeeper;
			productReference = 034EDEC82A12CD4C00DD1087 /* NoteKeeper.app */;
			productType = "com.apple.product-type.application";
		};
/* End PBXNativeTarget section */

/* Begin PBXProject section */
		034EDEC02A12CD4C00DD1087 /* Project object */ = {
			isa = PBXProject;
			attributes = {
				BuildIndependentTargetsInParallel = 1;
				LastSwiftUpdateCheck = 1420;
				LastUpgradeCheck = 1420;
				TargetAttributes = {
					034EDEC72A12CD4C00DD1087 = {
						CreatedOnToolsVersion = 14.2;
					};
				};
			};
			buildConfigurationList = 034EDEC32A12CD4C00DD1087 /* Build configuration list for PBXProject "NoteKeeper" */;
			compatibilityVersion = "Xcode 14.0";
			developmentRegion = en;
			hasScannedForEncodings = 0;
			knownRegions = (
				en,
				Base,
			);
			mainGroup = 034EDEBF2A12CD4C00DD1087;
			productRefGroup = 034EDEC92A12CD4C00DD1087 /* Products */;
			projectDirPath = "";
			projectRoot = "";
			targets = (
				034EDEC72A12CD4C00DD1087 /* NoteKeeper */,
			);
		};
/* End PBXProject section */

/* Begin PBXResourcesBuildPhase section */
		034EDEC62A12CD4C00DD1087 /* Resources */ = {
			isa = PBXResourcesBuildPhase;
			buildActionMask = 2147483647;
			files = (
				034EDED82A12CD4C00DD1087 /* LaunchScreen.storyboard in Resources */,
				034EDED52A12CD4C00DD1087 /* Assets.xcassets in Resources */,
			);
			runOnlyForDeploymentPostprocessing = 0;
		};
/* End PBXResourcesBuildPhase section */

/* Begin PBXShellScriptBuildPhase section */
		034EDF202A157EE000DD1087 /* ShellScript */ = {
			isa = PBXShellScriptBuildPhase;
			alwaysOutOfDate = 1;
			buildActionMask = 2147483647;
			files = (
			);
			inputFileListPaths = (
			);
			inputPaths = (
			);
			outputFileListPaths = (
			);
			outputPaths = (
			);
			runOnlyForDeploymentPostprocessing = 0;
			shellPath = /bin/sh;
			shellScript = "${PODS_ROOT}/SwiftLint/swiftlint\n";
		};
		0C7F1457B060D4E28AEE0DFB /* [CP] Embed Pods Frameworks */ = {
			isa = PBXShellScriptBuildPhase;
			buildActionMask = 2147483647;
			files = (
			);
			inputFileListPaths = (
				"${PODS_ROOT}/Target Support Files/Pods-NoteKeeper/Pods-NoteKeeper-frameworks-${CONFIGURATION}-input-files.xcfilelist",
			);
			name = "[CP] Embed Pods Frameworks";
			outputFileListPaths = (
				"${PODS_ROOT}/Target Support Files/Pods-NoteKeeper/Pods-NoteKeeper-frameworks-${CONFIGURATION}-output-files.xcfilelist",
			);
			runOnlyForDeploymentPostprocessing = 0;
			shellPath = /bin/sh;
			shellScript = "\"${PODS_ROOT}/Target Support Files/Pods-NoteKeeper/Pods-NoteKeeper-frameworks.sh\"\n";
			showEnvVarsInLog = 0;
		};
		A42E5032100499D53762B99B /* [CP] Check Pods Manifest.lock */ = {
			isa = PBXShellScriptBuildPhase;
			buildActionMask = 2147483647;
			files = (
			);
			inputFileListPaths = (
			);
			inputPaths = (
				"${PODS_PODFILE_DIR_PATH}/Podfile.lock",
				"${PODS_ROOT}/Manifest.lock",
			);
			name = "[CP] Check Pods Manifest.lock";
			outputFileListPaths = (
			);
			outputPaths = (
				"$(DERIVED_FILE_DIR)/Pods-NoteKeeper-checkManifestLockResult.txt",
			);
			runOnlyForDeploymentPostprocessing = 0;
			shellPath = /bin/sh;
			shellScript = "diff \"${PODS_PODFILE_DIR_PATH}/Podfile.lock\" \"${PODS_ROOT}/Manifest.lock\" > /dev/null\nif [ $? != 0 ] ; then\n    # print error to STDERR\n    echo \"error: The sandbox is not in sync with the Podfile.lock. Run 'pod install' or update your CocoaPods installation.\" >&2\n    exit 1\nfi\n# This output is used by Xcode 'outputs' to avoid re-running this script phase.\necho \"SUCCESS\" > \"${SCRIPT_OUTPUT_FILE_0}\"\n";
			showEnvVarsInLog = 0;
		};
/* End PBXShellScriptBuildPhase section */

/* Begin PBXSourcesBuildPhase section */
		034EDEC42A12CD4C00DD1087 /* Sources */ = {
			isa = PBXSourcesBuildPhase;
			buildActionMask = 2147483647;
			files = (
				034EDF1A2A15205700DD1087 /* CategoryViewController.swift in Sources */,
				034EDED02A12CD4C00DD1087 /* NoteViewController.swift in Sources */,
				034EDECC2A12CD4C00DD1087 /* AppDelegate.swift in Sources */,
				0367495D2A49BB82001CFFBF /* CategoryCell.swift in Sources */,
				034EDF242A158BBE00DD1087 /* Item.swift in Sources */,
				034EDECE2A12CD4C00DD1087 /* SceneDelegate.swift in Sources */,
				0367495F2A49BD76001CFFBF /* NoteCell.swift in Sources */,
				036749622A49C5E5001CFFBF /* RealmManager.swift in Sources */,
				034EDF1F2A1520AE00DD1087 /* Constants.swift in Sources */,
				034EDF262A158BD200DD1087 /* Category.swift in Sources */,
			);
			runOnlyForDeploymentPostprocessing = 0;
		};
/* End PBXSourcesBuildPhase section */

/* Begin PBXVariantGroup section */
		034EDED62A12CD4C00DD1087 /* LaunchScreen.storyboard */ = {
			isa = PBXVariantGroup;
			children = (
				034EDED72A12CD4C00DD1087 /* Base */,
			);
			name = LaunchScreen.storyboard;
			sourceTree = "<group>";
		};
/* End PBXVariantGroup section */

/* Begin XCBuildConfiguration section */
		034EDEDA2A12CD4C00DD1087 /* Debug */ = {
			isa = XCBuildConfiguration;
			buildSettings = {
				ALWAYS_SEARCH_USER_PATHS = NO;
				CLANG_ANALYZER_NONNULL = YES;
				CLANG_ANALYZER_NUMBER_OBJECT_CONVERSION = YES_AGGRESSIVE;
				CLANG_CXX_LANGUAGE_STANDARD = "gnu++20";
				CLANG_ENABLE_MODULES = YES;
				CLANG_ENABLE_OBJC_ARC = YES;
				CLANG_ENABLE_OBJC_WEAK = YES;
				CLANG_WARN_BLOCK_CAPTURE_AUTORELEASING = YES;
				CLANG_WARN_BOOL_CONVERSION = YES;
				CLANG_WARN_COMMA = YES;
				CLANG_WARN_CONSTANT_CONVERSION = YES;
				CLANG_WARN_DEPRECATED_OBJC_IMPLEMENTATIONS = YES;
				CLANG_WARN_DIRECT_OBJC_ISA_USAGE = YES_ERROR;
				CLANG_WARN_DOCUMENTATION_COMMENTS = YES;
				CLANG_WARN_EMPTY_BODY = YES;
				CLANG_WARN_ENUM_CONVERSION = YES;
				CLANG_WARN_INFINITE_RECURSION = YES;
				CLANG_WARN_INT_CONVERSION = YES;
				CLANG_WARN_NON_LITERAL_NULL_CONVERSION = YES;
				CLANG_WARN_OBJC_IMPLICIT_RETAIN_SELF = YES;
				CLANG_WARN_OBJC_LITERAL_CONVERSION = YES;
				CLANG_WARN_OBJC_ROOT_CLASS = YES_ERROR;
				CLANG_WARN_QUOTED_INCLUDE_IN_FRAMEWORK_HEADER = YES;
				CLANG_WARN_RANGE_LOOP_ANALYSIS = YES;
				CLANG_WARN_STRICT_PROTOTYPES = YES;
				CLANG_WARN_SUSPICIOUS_MOVE = YES;
				CLANG_WARN_UNGUARDED_AVAILABILITY = YES_AGGRESSIVE;
				CLANG_WARN_UNREACHABLE_CODE = YES;
				CLANG_WARN__DUPLICATE_METHOD_MATCH = YES;
				COPY_PHASE_STRIP = NO;
				DEBUG_INFORMATION_FORMAT = dwarf;
				ENABLE_STRICT_OBJC_MSGSEND = YES;
				ENABLE_TESTABILITY = YES;
				GCC_C_LANGUAGE_STANDARD = gnu11;
				GCC_DYNAMIC_NO_PIC = NO;
				GCC_NO_COMMON_BLOCKS = YES;
				GCC_OPTIMIZATION_LEVEL = 0;
				GCC_PREPROCESSOR_DEFINITIONS = (
					"DEBUG=1",
					"$(inherited)",
				);
				GCC_WARN_64_TO_32_BIT_CONVERSION = YES;
				GCC_WARN_ABOUT_RETURN_TYPE = YES_ERROR;
				GCC_WARN_UNDECLARED_SELECTOR = YES;
				GCC_WARN_UNINITIALIZED_AUTOS = YES_AGGRESSIVE;
				GCC_WARN_UNUSED_FUNCTION = YES;
				GCC_WARN_UNUSED_VARIABLE = YES;
				IPHONEOS_DEPLOYMENT_TARGET = 16.2;
				MTL_ENABLE_DEBUG_INFO = INCLUDE_SOURCE;
				MTL_FAST_MATH = YES;
				ONLY_ACTIVE_ARCH = YES;
				SDKROOT = iphoneos;
				SWIFT_ACTIVE_COMPILATION_CONDITIONS = DEBUG;
				SWIFT_OPTIMIZATION_LEVEL = "-Onone";
			};
			name = Debug;
		};
		034EDEDB2A12CD4C00DD1087 /* Release */ = {
			isa = XCBuildConfiguration;
			buildSettings = {
				ALWAYS_SEARCH_USER_PATHS = NO;
				CLANG_ANALYZER_NONNULL = YES;
				CLANG_ANALYZER_NUMBER_OBJECT_CONVERSION = YES_AGGRESSIVE;
				CLANG_CXX_LANGUAGE_STANDARD = "gnu++20";
				CLANG_ENABLE_MODULES = YES;
				CLANG_ENABLE_OBJC_ARC = YES;
				CLANG_ENABLE_OBJC_WEAK = YES;
				CLANG_WARN_BLOCK_CAPTURE_AUTORELEASING = YES;
				CLANG_WARN_BOOL_CONVERSION = YES;
				CLANG_WARN_COMMA = YES;
				CLANG_WARN_CONSTANT_CONVERSION = YES;
				CLANG_WARN_DEPRECATED_OBJC_IMPLEMENTATIONS = YES;
				CLANG_WARN_DIRECT_OBJC_ISA_USAGE = YES_ERROR;
				CLANG_WARN_DOCUMENTATION_COMMENTS = YES;
				CLANG_WARN_EMPTY_BODY = YES;
				CLANG_WARN_ENUM_CONVERSION = YES;
				CLANG_WARN_INFINITE_RECURSION = YES;
				CLANG_WARN_INT_CONVERSION = YES;
				CLANG_WARN_NON_LITERAL_NULL_CONVERSION = YES;
				CLANG_WARN_OBJC_IMPLICIT_RETAIN_SELF = YES;
				CLANG_WARN_OBJC_LITERAL_CONVERSION = YES;
				CLANG_WARN_OBJC_ROOT_CLASS = YES_ERROR;
				CLANG_WARN_QUOTED_INCLUDE_IN_FRAMEWORK_HEADER = YES;
				CLANG_WARN_RANGE_LOOP_ANALYSIS = YES;
				CLANG_WARN_STRICT_PROTOTYPES = YES;
				CLANG_WARN_SUSPICIOUS_MOVE = YES;
				CLANG_WARN_UNGUARDED_AVAILABILITY = YES_AGGRESSIVE;
				CLANG_WARN_UNREACHABLE_CODE = YES;
				CLANG_WARN__DUPLICATE_METHOD_MATCH = YES;
				COPY_PHASE_STRIP = NO;
				DEBUG_INFORMATION_FORMAT = "dwarf-with-dsym";
				ENABLE_NS_ASSERTIONS = NO;
				ENABLE_STRICT_OBJC_MSGSEND = YES;
				GCC_C_LANGUAGE_STANDARD = gnu11;
				GCC_NO_COMMON_BLOCKS = YES;
				GCC_WARN_64_TO_32_BIT_CONVERSION = YES;
				GCC_WARN_ABOUT_RETURN_TYPE = YES_ERROR;
				GCC_WARN_UNDECLARED_SELECTOR = YES;
				GCC_WARN_UNINITIALIZED_AUTOS = YES_AGGRESSIVE;
				GCC_WARN_UNUSED_FUNCTION = YES;
				GCC_WARN_UNUSED_VARIABLE = YES;
				IPHONEOS_DEPLOYMENT_TARGET = 16.2;
				MTL_ENABLE_DEBUG_INFO = NO;
				MTL_FAST_MATH = YES;
				SDKROOT = iphoneos;
				SWIFT_COMPILATION_MODE = wholemodule;
				SWIFT_OPTIMIZATION_LEVEL = "-O";
				VALIDATE_PRODUCT = YES;
			};
			name = Release;
		};
		034EDEDD2A12CD4C00DD1087 /* Debug */ = {
			isa = XCBuildConfiguration;
			baseConfigurationReference = BA26B76791E3749F776D8751 /* Pods-NoteKeeper.debug.xcconfig */;
			buildSettings = {
				ASSETCATALOG_COMPILER_APPICON_NAME = AppIcon;
				ASSETCATALOG_COMPILER_GLOBAL_ACCENT_COLOR_NAME = AccentColor;
				CODE_SIGN_STYLE = Automatic;
				CURRENT_PROJECT_VERSION = 1;
				DEVELOPMENT_TEAM = 5G3L9PJKC3;
				GENERATE_INFOPLIST_FILE = YES;
				INFOPLIST_FILE = NoteKeeper/Info.plist;
				INFOPLIST_KEY_UIApplicationSupportsIndirectInputEvents = YES;
				INFOPLIST_KEY_UILaunchStoryboardName = LaunchScreen;
				INFOPLIST_KEY_UISupportedInterfaceOrientations_iPad = "UIInterfaceOrientationPortrait UIInterfaceOrientationPortraitUpsideDown UIInterfaceOrientationLandscapeLeft UIInterfaceOrientationLandscapeRight";
				INFOPLIST_KEY_UISupportedInterfaceOrientations_iPhone = "UIInterfaceOrientationPortrait UIInterfaceOrientationLandscapeLeft UIInterfaceOrientationLandscapeRight";
				LD_RUNPATH_SEARCH_PATHS = (
					"$(inherited)",
					"@executable_path/Frameworks",
				);
				MARKETING_VERSION = 1.0;
				PRODUCT_BUNDLE_IDENTIFIER = sashabravos.NoteKeeper;
				PRODUCT_NAME = "$(TARGET_NAME)";
				SWIFT_EMIT_LOC_STRINGS = YES;
				SWIFT_VERSION = 5.0;
				TARGETED_DEVICE_FAMILY = "1,2";
			};
			name = Debug;
		};
		034EDEDE2A12CD4C00DD1087 /* Release */ = {
			isa = XCBuildConfiguration;
			baseConfigurationReference = 5B20AE15FBFAF6FEA4CCE720 /* Pods-NoteKeeper.release.xcconfig */;
			buildSettings = {
				ASSETCATALOG_COMPILER_APPICON_NAME = AppIcon;
				ASSETCATALOG_COMPILER_GLOBAL_ACCENT_COLOR_NAME = AccentColor;
				CODE_SIGN_STYLE = Automatic;
				CURRENT_PROJECT_VERSION = 1;
				DEVELOPMENT_TEAM = 5G3L9PJKC3;
				GENERATE_INFOPLIST_FILE = YES;
				INFOPLIST_FILE = NoteKeeper/Info.plist;
				INFOPLIST_KEY_UIApplicationSupportsIndirectInputEvents = YES;
				INFOPLIST_KEY_UILaunchStoryboardName = LaunchScreen;
				INFOPLIST_KEY_UISupportedInterfaceOrientations_iPad = "UIInterfaceOrientationPortrait UIInterfaceOrientationPortraitUpsideDown UIInterfaceOrientationLandscapeLeft UIInterfaceOrientationLandscapeRight";
				INFOPLIST_KEY_UISupportedInterfaceOrientations_iPhone = "UIInterfaceOrientationPortrait UIInterfaceOrientationLandscapeLeft UIInterfaceOrientationLandscapeRight";
				LD_RUNPATH_SEARCH_PATHS = (
					"$(inherited)",
					"@executable_path/Frameworks",
				);
				MARKETING_VERSION = 1.0;
				PRODUCT_BUNDLE_IDENTIFIER = sashabravos.NoteKeeper;
				PRODUCT_NAME = "$(TARGET_NAME)";
				SWIFT_EMIT_LOC_STRINGS = YES;
				SWIFT_VERSION = 5.0;
				TARGETED_DEVICE_FAMILY = "1,2";
			};
			name = Release;
		};
/* End XCBuildConfiguration section */

/* Begin XCConfigurationList section */
		034EDEC32A12CD4C00DD1087 /* Build configuration list for PBXProject "NoteKeeper" */ = {
			isa = XCConfigurationList;
			buildConfigurations = (
				034EDEDA2A12CD4C00DD1087 /* Debug */,
				034EDEDB2A12CD4C00DD1087 /* Release */,
			);
			defaultConfigurationIsVisible = 0;
			defaultConfigurationName = Release;
		};
		034EDEDC2A12CD4C00DD1087 /* Build configuration list for PBXNativeTarget "NoteKeeper" */ = {
			isa = XCConfigurationList;
			buildConfigurations = (
				034EDEDD2A12CD4C00DD1087 /* Debug */,
				034EDEDE2A12CD4C00DD1087 /* Release */,
			);
			defaultConfigurationIsVisible = 0;
			defaultConfigurationName = Release;
		};
/* End XCConfigurationList section */
	};
	rootObject = 034EDEC02A12CD4C00DD1087 /* Project object */;
}
